
Microsoft Visual Studio Solution File, Format Version 12.00
# Visual Studio Version 18
VisualStudioVersion = 18.3.11520.95 d18.3
MinimumVisualStudioVersion = 10.0.40219.1
Project("{FAE04EC0-301F-11D3-BF4B-00C04F79EFBC}") = "self-studyhub", "self-studyhub\self-studyhub.csproj", "{13543EDA-9116-4A9F-89A4-E644F5839780}"
EndProject
Global
	GlobalSection(SolutionConfigurationPlatforms) = preSolution
		Debug|Any CPU = Debug|Any CPU
		Release|Any CPU = Release|Any CPU
	EndGlobalSection
	GlobalSection(ProjectConfigurationPlatforms) = postSolution
		{13543EDA-9116-4A9F-89A4-E644F5839780}.Debug|Any CPU.ActiveCfg = Debug|Any CPU
		{13543EDA-9116-4A9F-89A4-E644F5839780}.Debug|Any CPU.Build.0 = Debug|Any CPU
		{13543EDA-9116-4A9F-89A4-E644F5839780}.Release|Any CPU.ActiveCfg = Release|Any CPU
		{13543EDA-9116-4A9F-89A4-E644F5839780}.Release|Any CPU.Build.0 = Release|Any CPU
	EndGlobalSection
	GlobalSection(SolutionProperties) = preSolution
		HideSolutionNode = FALSE
	EndGlobalSection
	GlobalSection(ExtensibilityGlobals) = postSolution
		SolutionGuid = {EDAA8271-2362-4E05-A696-CE3FE63467F9}
	EndGlobalSection
EndGlobal
